
Microsoft Visual Studio Solution File, Format Version 12.00
# Visual Studio Version 16
VisualStudioVersion = 16.0.34031.81
MinimumVisualStudioVersion = 10.0.40219.1
Project("{FAE04EC0-301F-11D3-BF4B-00C04F79EFBC}") = "Battleships", "Battleships\Battleships.csproj", "{585878B0-AFAA-4417-A409-2A09D689368F}"
EndProject
Global
	GlobalSection(SolutionConfigurationPlatforms) = preSolution
		Debug|Any CPU = Debug|Any CPU
		Release|Any CPU = Release|Any CPU
	EndGlobalSection
	GlobalSection(ProjectConfigurationPlatforms) = postSolution
		{585878B0-AFAA-4417-A409-2A09D689368F}.Debug|Any CPU.ActiveCfg = Debug|Any CPU
		{585878B0-AFAA-4417-A409-2A09D689368F}.Debug|Any CPU.Build.0 = Debug|Any CPU
		{585878B0-AFAA-4417-A409-2A09D689368F}.Release|Any CPU.ActiveCfg = Release|Any CPU
		{585878B0-AFAA-4417-A409-2A09D689368F}.Release|Any CPU.Build.0 = Release|Any CPU
	EndGlobalSection
	GlobalSection(SolutionProperties) = preSolution
		HideSolutionNode = FALSE
	EndGlobalSection
	GlobalSection(ExtensibilityGlobals) = postSolution
		SolutionGuid = {E5341E42-073F-4198-84B7-857F3BBF03E2}
	EndGlobalSection
EndGlobal
